
Microsoft Visual Studio Solution File, Format Version 12.00
# Visual Studio Version 16
VisualStudioVersion = 16.0.32413.511
MinimumVisualStudioVersion = 10.0.40219.1
Project("{FAE04EC0-301F-11D3-BF4B-00C04F79EFBC}") = "WindowsFormsApp4", "WindowsFormsApp4\WindowsFormsApp4.csproj", "{A115AA8D-8C2C-449E-A559-DF6949C4CDDA}"
EndProject
Global
	GlobalSection(SolutionConfigurationPlatforms) = preSolution
		Debug|Any CPU = Debug|Any CPU
		Release|Any CPU = Release|Any CPU
	EndGlobalSection
	GlobalSection(ProjectConfigurationPlatforms) = postSolution
		{A115AA8D-8C2C-449E-A559-DF6949C4CDDA}.Debug|Any CPU.ActiveCfg = Debug|Any CPU
		{A115AA8D-8C2C-449E-A559-DF6949C4CDDA}.Debug|Any CPU.Build.0 = Debug|Any CPU
		{A115AA8D-8C2C-449E-A559-DF6949C4CDDA}.Release|Any CPU.ActiveCfg = Release|Any CPU
		{A115AA8D-8C2C-449E-A559-DF6949C4CDDA}.Release|Any CPU.Build.0 = Release|Any CPU
	EndGlobalSection
	GlobalSection(SolutionProperties) = preSolution
		HideSolutionNode = FALSE
	EndGlobalSection
	GlobalSection(ExtensibilityGlobals) = postSolution
		SolutionGuid = {AAC28656-54A3-4846-B6C8-53DAF27F6FFF}
	EndGlobalSection
EndGlobal
